GEM
  remote: https://rubygems.org/
  specs:
    diff-lcs (1.5.0)
    hpricot (0.8.6)
    mustache (1.1.1)
    parallel (1.23.0)
    parallel_tests (3.8.1)
      parallel
    power_assert (2.0.3)
    rake (13.0.6)
    rb_sys (0.9.78)
    rdiscount (2.2.7.1)
    ronn (0.7.3)
      hpricot (>= 0.8.2)
      mustache (>= 0.7.0)
      rdiscount (>= 1.5.8)
    rspec-core (3.12.2)
      rspec-support (~> 3.12.0)
    rspec-expectations (3.12.3)
      diff-lcs (>= 1.2.0, < 2.0)
      rspec-support (~> 3.12.0)
    rspec-mocks (3.12.5)
      diff-lcs (>= 1.2.0, < 2.0)
      rspec-support (~> 3.12.0)
    rspec-support (3.12.0)
    test-unit (3.5.9)
      power_assert
    uri (0.12.1)
    webrick (1.8.1)

PLATFORMS
  arm64-darwin-22
  arm64-darwin-23
  x86_64-darwin-20
  x86_64-darwin-21
  x86_64-darwin-22
  x86_64-linux

DEPENDENCIES
  parallel (~> 1.19)
  parallel_tests (< 3.9.0)
  rake (~> 13.0)
  rb_sys
  ronn (~> 0.7.3)
  rspec-core (~> 3.12)
  rspec-expectations (~> 3.12)
  rspec-mocks (~> 3.12)
  test-unit (~> 3.0)
  uri (~> 0.12.0)
  webrick (~> 1.6)

CHECKSUMS
  diff-lcs (1.5.0) sha256-49b934001c8c6aedb37ba19daec5c634da27b318a7a3c654ae979d6ba1929b67
  hpricot (0.8.6) sha256-dfe8f4b3414ba8377d7626030f3aa605caadee9de87cffbeadf8a50359eac8ca
  mustache (1.1.1) sha256-90891fdd50b53919ca334c8c1031eada1215e78d226d5795e523d6123a2717d0
  parallel (1.23.0) sha256-27154713ad6ef32fa3dcb7788a721d6c07bca77e72443b4c6080a14145288c49
  parallel_tests (3.8.1) sha256-c781c0910be3b489411f24e3a3397d57f481d6ee4eb27dba2a1cd4b8a0967f06
  power_assert (2.0.3) sha256-cd5e13c267370427c9804ce6a57925d6030613e341cb48e02eec1f3c772d4cf8
  rake (13.0.6) sha256-5ce4bf5037b4196c24ac62834d8db1ce175470391026bd9e557d669beeb19097
  rb_sys (0.9.78) sha256-635275db76f8885443dbd4ce8dd9b011ea27cb35dfa67ad1f268aba4f4fe7a26
  rdiscount (2.2.7.1) sha256-51ab13ce8781c813c88a191eb7d5704ebde2a5d2417cf0e01fd46997748330a9
  ronn (0.7.3) sha256-82df6fd4a3aa91734866710d2811a6387e50a7513fc528ce6c7d95ee7ad7f41e
  rspec-core (3.12.2) sha256-155b54480f28e2b2813185077fe435c2d663031616360ed3b179a9d6a55d2551
  rspec-expectations (3.12.3) sha256-093d18e2e7e0a2c619ef8f7343d442fc6c0793fb7897d56f16f26c8a9d244416
  rspec-mocks (3.12.5) sha256-82030d2bfa1e4eef0a2ee36af5d3d224672598912a3f3384f27cbba9fa09d5c1
  rspec-support (3.12.0) sha256-dd4d44b247ff679b95b5607ac5641d197a5f9b1d33f916123cb98fc5f917c58b
  test-unit (3.5.9) sha256-8b709670d55edab3f7642272305cf00f6757fe627665ca6c6e21d044f6c50de4
  uri (0.12.1) sha256-8c219a8840557ff1b321b8a34f8ede1940b7d224a75893677cd87dedece12fee
  webrick (1.8.1) sha256-19411ec6912911fd3df13559110127ea2badd0c035f7762873f58afc803e158f

BUNDLED WITH
   2.4.20
