GEM
  remote: https://rubygems.org/
  specs:
    diff-lcs (1.5.1)
    kramdown (2.4.0)
      rexml
    kramdown-parser-gfm (1.1.0)
      kramdown (~> 2.0)
    mini_portile2 (2.8.5)
    mustache (1.1.1)
    nokogiri (1.16.3)
      mini_portile2 (~> 2.8.2)
      racc (~> 1.4)
    nokogiri (1.16.3-aarch64-linux)
      racc (~> 1.4)
    nokogiri (1.16.3-arm-linux)
      racc (~> 1.4)
    nokogiri (1.16.3-arm64-darwin)
      racc (~> 1.4)
    nokogiri (1.16.3-java)
      racc (~> 1.4)
    nokogiri (1.16.3-x64-mingw-ucrt)
      racc (~> 1.4)
    nokogiri (1.16.3-x86-linux)
      racc (~> 1.4)
    nokogiri (1.16.3-x86_64-darwin)
      racc (~> 1.4)
    nokogiri (1.16.3-x86_64-linux)
      racc (~> 1.4)
    nronn (0.11.1)
      kramdown (~> 2.1)
      kramdown-parser-gfm (>= 1.0.1, < 1.2)
      mustache (~> 1.0)
      nokogiri (~> 1.10, >= 1.10.10)
    parallel (1.24.0)
    parallel_tests (4.7.2)
      parallel
    power_assert (2.0.3)
    racc (1.7.3)
    racc (1.7.3-java)
    rake (13.2.1)
    rb_sys (0.9.91)
    rexml (3.2.6)
    rspec (3.13.0)
      rspec-core (~> 3.13.0)
      rspec-expectations (~> 3.13.0)
      rspec-mocks (~> 3.13.0)
    rspec-core (3.13.0)
      rspec-support (~> 3.13.0)
    rspec-expectations (3.13.0)
      diff-lcs (>= 1.2.0, < 2.0)
      rspec-support (~> 3.13.0)
    rspec-mocks (3.13.0)
      diff-lcs (>= 1.2.0, < 2.0)
      rspec-support (~> 3.13.0)
    rspec-support (3.13.1)
    test-unit (3.6.2)
      power_assert
    turbo_tests (2.2.3)
      parallel_tests (>= 3.3.0, < 5)
      rspec (>= 3.10)
    uri (0.13.0)
    webrick (1.8.1)

PLATFORMS
  aarch64-darwin
  aarch64-linux
  arm-linux
  arm64-darwin
  java
  ruby
  universal-java
  x64-mingw-ucrt
  x64-mingw32
  x86-linux
  x86_64-darwin
  x86_64-linux

DEPENDENCIES
  nronn (~> 0.11.1)
  parallel (~> 1.19)
  parallel_tests (~> 4.7)
  rake (~> 13.1)
  rb_sys
  rspec-core (~> 3.12)
  rspec-expectations (~> 3.12)
  rspec-mocks (~> 3.12)
  test-unit (~> 3.0)
  turbo_tests (~> 2.2.3)
  uri (~> 0.13.0)
  webrick (~> 1.6)

CHECKSUMS
  diff-lcs (1.5.1) sha256=273223dfb40685548436d32b4733aa67351769c7dea621da7d9dd4813e63ddfe
  kramdown (2.4.0) sha256=b62e5bcbd6ea20c7a6730ebbb2a107237856e14f29cebf5b10c876cc1a2481c5
  kramdown-parser-gfm (1.1.0) sha256=fb39745516427d2988543bf01fc4cf0ab1149476382393e0e9c48592f6581729
  mini_portile2 (2.8.5) sha256=7a37db8ae758086c3c3ac3a59c036704d331e965d5e106635e4a42d6e66089ce
  mustache (1.1.1) sha256=90891fdd50b53919ca334c8c1031eada1215e78d226d5795e523d6123a2717d0
  nokogiri (1.16.3) sha256=498aa253ccd5b89a0fa5c4c82b346d22176fc865f4a12ef8da642064d1d3e248
  nokogiri (1.16.3-aarch64-linux) sha256=3d806263a0548e5163ff256655d78a87998fa83a5ae256b83c14a1a97731e824
  nokogiri (1.16.3-arm-linux) sha256=cfb923c02bde065005e2521f0a6883c63cf305cb899a9dd4c74897731bb2af1d
  nokogiri (1.16.3-arm64-darwin) sha256=5d3268558c002fa493e33076798cfda1df8effbd5363060dc41595cfebb1cf90
  nokogiri (1.16.3-java) sha256=6bf0918233959c7d5e703061ada0f436544612397475a866aa314071f02bfabb
  nokogiri (1.16.3-x64-mingw-ucrt) sha256=656f163dd287671c3a28157a2e853ee1a36afeb3f4185a78af863f3980efc58d
  nokogiri (1.16.3-x86-linux) sha256=08d8a369940fa2309379cd8af1e7b3cc702b0115d3ddd197cfa7b33daedfd541
  nokogiri (1.16.3-x86_64-darwin) sha256=bc22786f4db4c32a5587e3b77a106408148d3bb1602dd0b52c0f5c968c42d17d
  nokogiri (1.16.3-x86_64-linux) sha256=47a3330e41b49a100225b6fab490b2dc43410931e01e791886e0c2998412e8cb
  nronn (0.11.1) sha256=60305c7a42dcaf6bdd33210993a7e38087520717561da101bea1df7197546369
  parallel (1.24.0) sha256=5bf38efb9b37865f8e93d7a762727f8c5fc5deb19949f4040c76481d5eee9397
  parallel_tests (4.7.2) sha256=d6b3a46d3c36f5167716bba38e571d813ae7c754e9b096b2daa41095e70a2612
  power_assert (2.0.3) sha256=cd5e13c267370427c9804ce6a57925d6030613e341cb48e02eec1f3c772d4cf8
  racc (1.7.3) sha256=b785ab8a30ec43bce073c51dbbe791fd27000f68d1c996c95da98bf685316905
  racc (1.7.3-java) sha256=b2ad737e788cfa083263ce7c9290644bb0f2c691908249eb4f6eb48ed2815dbf
  rake (13.2.1) sha256=46cb38dae65d7d74b6020a4ac9d48afed8eb8149c040eccf0523bec91907059d
  rb_sys (0.9.91) sha256=8c6ad8f97fd86f80530e942f1a904c229a510ca372c6b92dc05270a84e51ecda
  rexml (3.2.6) sha256=e0669a2d4e9f109951cb1fde723d8acd285425d81594a2ea929304af50282816
  rspec (3.13.0) sha256=d490914ac1d5a5a64a0e1400c1d54ddd2a501324d703b8cfe83f458337bab993
  rspec-core (3.13.0) sha256=557792b4e88da883d580342b263d9652b6a10a12d5bda9ef967b01a48f15454c
  rspec-expectations (3.13.0) sha256=621d48c62262f955421eaa418130744760802cad47e781df70dba4d9f897102e
  rspec-mocks (3.13.0) sha256=735a891215758d77cdb5f4721fffc21078793959d1f0ee4a961874311d9b7f66
  rspec-support (3.13.1) sha256=48877d4f15b772b7538f3693c22225f2eda490ba65a0515c4e7cf6f2f17de70f
  test-unit (3.6.2) sha256=3ce480c23990ca504a3f0d6619be2a560e21326cefd1b86d0f9433c387f26039
  turbo_tests (2.2.3) sha256=c1a8763361a019c3ff68e8a47c5e1acb32c1e7668f9d4a4e08416ca4786ea8a0
  uri (0.13.0) sha256=26553c2a9399762e1e8bebd4444b4361c4b21298cf1c864b22eeabc9c4998f24
  webrick (1.8.1) sha256=19411ec6912911fd3df13559110127ea2badd0c035f7762873f58afc803e158f

BUNDLED WITH
   2.6.0.dev
