GEM
  remote: https://rubygems.org/
  specs:
    diff-lcs (1.5.0)
    kramdown (2.4.0)
      rexml
    kramdown-parser-gfm (1.1.0)
      kramdown (~> 2.0)
    mini_portile2 (2.8.5)
    mustache (1.1.1)
    nokogiri (1.15.5)
      mini_portile2 (~> 2.8.2)
      racc (~> 1.4)
    nronn (0.11.1)
      kramdown (~> 2.1)
      kramdown-parser-gfm (>= 1.0.1, < 1.2)
      mustache (~> 1.0)
      nokogiri (~> 1.10, >= 1.10.10)
    parallel (1.23.0)
    parallel_tests (3.8.1)
      parallel
    power_assert (2.0.3)
    racc (1.7.3)
    racc (1.7.3-java)
    rake (13.1.0)
    rb_sys (0.9.83)
    rexml (3.2.6)
    rspec (3.12.0)
      rspec-core (~> 3.12.0)
      rspec-expectations (~> 3.12.0)
      rspec-mocks (~> 3.12.0)
    rspec-core (3.12.2)
      rspec-support (~> 3.12.0)
    rspec-expectations (3.12.3)
      diff-lcs (>= 1.2.0, < 2.0)
      rspec-support (~> 3.12.0)
    rspec-mocks (3.12.6)
      diff-lcs (>= 1.2.0, < 2.0)
      rspec-support (~> 3.12.0)
    rspec-support (3.12.1)
    test-unit (3.6.1)
      power_assert
    turbo_tests (2.2.0)
      parallel_tests (>= 3.3.0, < 5)
      rspec (>= 3.10)
    uri (0.12.2)
    webrick (1.8.1)

PLATFORMS
  arm64-darwin-22
  arm64-darwin-23
  java
  universal-java-11
  universal-java-18
  universal-java-19
  x64-mingw-ucrt
  x64-mingw32
  x86_64-darwin-20
  x86_64-darwin-21
  x86_64-darwin-22
  x86_64-linux

DEPENDENCIES
  nronn (~> 0.11.1)
  parallel (~> 1.19)
  parallel_tests (< 3.9.0)
  rake (~> 13.1)
  rb_sys
  rspec-core (~> 3.12)
  rspec-expectations (~> 3.12)
  rspec-mocks (~> 3.12)
  test-unit (~> 3.0)
  turbo_tests (~> 2.1)
  uri (~> 0.12.0)
  webrick (~> 1.6)

CHECKSUMS
  diff-lcs (1.5.0) sha256=49b934001c8c6aedb37ba19daec5c634da27b318a7a3c654ae979d6ba1929b67
  kramdown (2.4.0) sha256=b62e5bcbd6ea20c7a6730ebbb2a107237856e14f29cebf5b10c876cc1a2481c5
  kramdown-parser-gfm (1.1.0) sha256=fb39745516427d2988543bf01fc4cf0ab1149476382393e0e9c48592f6581729
  mini_portile2 (2.8.5) sha256=7a37db8ae758086c3c3ac3a59c036704d331e965d5e106635e4a42d6e66089ce
  mustache (1.1.1) sha256=90891fdd50b53919ca334c8c1031eada1215e78d226d5795e523d6123a2717d0
  nokogiri (1.15.5) sha256=22448ca35dbcbdcec60dbe25ccf452b685a5436c28f21b2fec2e20917aba9100
  nronn (0.11.1) sha256=60305c7a42dcaf6bdd33210993a7e38087520717561da101bea1df7197546369
  parallel (1.23.0) sha256=27154713ad6ef32fa3dcb7788a721d6c07bca77e72443b4c6080a14145288c49
  parallel_tests (3.8.1) sha256=c781c0910be3b489411f24e3a3397d57f481d6ee4eb27dba2a1cd4b8a0967f06
  power_assert (2.0.3) sha256=cd5e13c267370427c9804ce6a57925d6030613e341cb48e02eec1f3c772d4cf8
  racc (1.7.3) sha256=b785ab8a30ec43bce073c51dbbe791fd27000f68d1c996c95da98bf685316905
  racc (1.7.3-java) sha256=b2ad737e788cfa083263ce7c9290644bb0f2c691908249eb4f6eb48ed2815dbf
  rake (13.1.0) sha256=be6a3e1aa7f66e6c65fa57555234eb75ce4cf4ada077658449207205474199c6
  rb_sys (0.9.83) sha256=0ed80df79aa08b942af731d93a676f2d885428267f2fbf138f9b6b7809c6455e
  rexml (3.2.6) sha256=e0669a2d4e9f109951cb1fde723d8acd285425d81594a2ea929304af50282816
  rspec (3.12.0) sha256=ccc41799a43509dc0be84070e3f0410ac95cbd480ae7b6c245543eb64162399c
  rspec-core (3.12.2) sha256=155b54480f28e2b2813185077fe435c2d663031616360ed3b179a9d6a55d2551
  rspec-expectations (3.12.3) sha256=093d18e2e7e0a2c619ef8f7343d442fc6c0793fb7897d56f16f26c8a9d244416
  rspec-mocks (3.12.6) sha256=de51a4148ba2ce6f1c1646a2a03e9df2f52da9a42b164f2e7467b2cbe37e07bf
  rspec-support (3.12.1) sha256=f969b85d0068ff97bc47c9d6fc2bca9706d73406f2b4e5d3b346443d8734c8cf
  test-unit (3.6.1) sha256=0aa5c45910725d44e38d0340b31fab3ea8bfac02b11f7201d0ca2a978d52600b
  turbo_tests (2.2.0) sha256=1fc08defd07aef5329c35f69b08827eb66daddf642dcf40adc426543fabbfdcc
  uri (0.12.2) sha256=be79bd8017858c9fc36c78765c69e92b6a7e049ea6a83364909476ad1b4b4439
  webrick (1.8.1) sha256=19411ec6912911fd3df13559110127ea2badd0c035f7762873f58afc803e158f

BUNDLED WITH
   2.5.0.dev
