GEM
  remote: https://rubygems.org/
  specs:
    diff-lcs (1.5.1)
    kramdown (2.4.0)
      rexml
    kramdown-parser-gfm (1.1.0)
      kramdown (~> 2.0)
    mini_portile2 (2.8.7)
    mustache (1.1.1)
    nokogiri (1.16.6)
      mini_portile2 (~> 2.8.2)
      racc (~> 1.4)
    nokogiri (1.16.6-arm64-darwin)
      racc (~> 1.4)
    nokogiri (1.16.6-java)
      racc (~> 1.4)
    nokogiri (1.16.6-x64-mingw-ucrt)
      racc (~> 1.4)
    nokogiri (1.16.6-x86_64-darwin)
      racc (~> 1.4)
    nokogiri (1.16.6-x86_64-linux)
      racc (~> 1.4)
    nronn (0.11.1)
      kramdown (~> 2.1)
      kramdown-parser-gfm (>= 1.0.1, < 1.2)
      mustache (~> 1.0)
      nokogiri (~> 1.10, >= 1.10.10)
    parallel (1.25.1)
    parallel_tests (3.8.1)
      parallel
    power_assert (2.0.3)
    racc (1.8.0)
    racc (1.8.0-java)
    rake (13.2.1)
    rb_sys (0.9.98)
    rexml (3.3.1)
      strscan
    rspec (3.13.0)
      rspec-core (~> 3.13.0)
      rspec-expectations (~> 3.13.0)
      rspec-mocks (~> 3.13.0)
    rspec-core (3.13.0)
      rspec-support (~> 3.13.0)
    rspec-expectations (3.13.1)
      diff-lcs (>= 1.2.0, < 2.0)
      rspec-support (~> 3.13.0)
    rspec-mocks (3.13.1)
      diff-lcs (>= 1.2.0, < 2.0)
      rspec-support (~> 3.13.0)
    rspec-support (3.13.1)
    strscan (3.1.0)
    strscan (3.1.0-java)
    test-unit (3.6.2)
      power_assert
    turbo_tests (2.2.4)
      parallel_tests (>= 3.3.0, < 5)
      rspec (>= 3.10)
    uri (0.13.0)
    webrick (1.8.1)

PLATFORMS
  arm64-darwin-22
  arm64-darwin-23
  java
  universal-java-11
  universal-java-18
  universal-java-19
  x64-mingw-ucrt
  x64-mingw32
  x86_64-darwin-20
  x86_64-darwin-21
  x86_64-darwin-22
  x86_64-linux

DEPENDENCIES
  nronn (~> 0.11.1)
  parallel (~> 1.19)
  parallel_tests (< 3.9.0)
  rake (~> 13.1)
  rb_sys
  rspec-core (~> 3.12)
  rspec-expectations (~> 3.12)
  rspec-mocks (~> 3.12)
  test-unit (~> 3.0)
  turbo_tests (~> 2.2.3)
  uri (~> 0.13.0)
  webrick (~> 1.6)

CHECKSUMS
  diff-lcs (1.5.1) sha256=273223dfb40685548436d32b4733aa67351769c7dea621da7d9dd4813e63ddfe
  kramdown (2.4.0) sha256=b62e5bcbd6ea20c7a6730ebbb2a107237856e14f29cebf5b10c876cc1a2481c5
  kramdown-parser-gfm (1.1.0) sha256=fb39745516427d2988543bf01fc4cf0ab1149476382393e0e9c48592f6581729
  mini_portile2 (2.8.7) sha256=13eef5ab459bbfd33d61e539564ec25a9c2cf593b0a5ea6d4d7ef8c19b162ee0
  mustache (1.1.1) sha256=90891fdd50b53919ca334c8c1031eada1215e78d226d5795e523d6123a2717d0
  nokogiri (1.16.6) sha256=935fe4dd67d4377f4a05002acb1ffbadbcae265ea8e7869fc40e3a8121f3e1ef
  nokogiri (1.16.6-arm64-darwin) sha256=43e8a783697c65413408a4923b5c2ed6bea6632cfdab4da220446b601733fa4b
  nokogiri (1.16.6-java) sha256=993ec13a1f0fb2261913e62e1f7a662c77108b1a59c903033eac432f74437275
  nokogiri (1.16.6-x64-mingw-ucrt) sha256=285687f16c330a9b61793d9d45913becf7a9aa82b0ce15c48fc1e0d6c6c9972f
  nokogiri (1.16.6-x86_64-darwin) sha256=92fa413d866baf9b609f17558ecfbcf950d5373213babcf4ce11d7eaed4b21cf
  nokogiri (1.16.6-x86_64-linux) sha256=769bd2c14ad76dd5a7e14c867741cf2e3b8c25626a34f40aee7b0b998b8de820
  nronn (0.11.1) sha256=60305c7a42dcaf6bdd33210993a7e38087520717561da101bea1df7197546369
  parallel (1.25.1) sha256=12e089b9aa36ea2343f6e93f18cfcebd031798253db8260590d26a7f70b1ab90
  parallel_tests (3.8.1) sha256=c781c0910be3b489411f24e3a3397d57f481d6ee4eb27dba2a1cd4b8a0967f06
  power_assert (2.0.3) sha256=cd5e13c267370427c9804ce6a57925d6030613e341cb48e02eec1f3c772d4cf8
  racc (1.8.0) sha256=09349a65c37c4fe710a435f25c9f1652e39f29ad6b1fa08d4a8d30c0553d3a08
  racc (1.8.0-java) sha256=3688448632150682bbd708b199961129aed2266107e26fcacb45c997395c19f9
  rake (13.2.1) sha256=46cb38dae65d7d74b6020a4ac9d48afed8eb8149c040eccf0523bec91907059d
  rb_sys (0.9.98) sha256=8595815c01c44a6cfdab93b987256cc5547f14d4694f2e56ada473f9c7f3bc14
  rexml (3.3.1) sha256=34af9fb38eff6c451abd187c53fded98378aa91766d4c62fbbce10e40ed7c325
  rspec (3.13.0) sha256=d490914ac1d5a5a64a0e1400c1d54ddd2a501324d703b8cfe83f458337bab993
  rspec-core (3.13.0) sha256=557792b4e88da883d580342b263d9652b6a10a12d5bda9ef967b01a48f15454c
  rspec-expectations (3.13.1) sha256=814cf8dadc797b00be55a84d7bc390c082735e5c914e62cbe8d0e19774b74200
  rspec-mocks (3.13.1) sha256=087189899c337937bcf1d66a50dc3fc999ac88335bbeba4d385c2a38c87d7b38
  rspec-support (3.13.1) sha256=48877d4f15b772b7538f3693c22225f2eda490ba65a0515c4e7cf6f2f17de70f
  strscan (3.1.0) sha256=01b8a81d214fbf7b5308c6fb51b5972bbfc4a6aa1f166fd3618ba97e0fcd5555
  strscan (3.1.0-java) sha256=8645aa76e017e21764c6df572d2d79fcc1672284014f5bdbd806278cdbcd11b0
  test-unit (3.6.2) sha256=3ce480c23990ca504a3f0d6619be2a560e21326cefd1b86d0f9433c387f26039
  turbo_tests (2.2.4) sha256=d2ae747391ad59253d45b8dfae045cef9ae4126c78d1174caf82c898a3bb9c0c
  uri (0.13.0) sha256=26553c2a9399762e1e8bebd4444b4361c4b21298cf1c864b22eeabc9c4998f24
  webrick (1.8.1) sha256=19411ec6912911fd3df13559110127ea2badd0c035f7762873f58afc803e158f

BUNDLED WITH
   2.6.0.dev
