GEM
  remote: https://rubygems.org/
  specs:
    ast (2.4.3)
    chef-utils (18.8.54)
      concurrent-ruby
    concurrent-ruby (1.3.5)
    ffi (1.17.2-x64-mingw-ucrt)
    ffi-win32-extensions (1.0.4)
      ffi
    json (2.16.0)
    json (2.16.0-java)
    kramdown (2.5.1)
      rexml (>= 3.3.9)
    kramdown-parser-gfm (1.1.0)
      kramdown (~> 2.0)
    language_server-protocol (3.17.0.5)
    lint_roller (1.1.0)
    mdl (0.13.0)
      kramdown (~> 2.3)
      kramdown-parser-gfm (~> 1.1)
      mixlib-cli (~> 2.1, >= 2.1.1)
      mixlib-config (>= 2.2.1, < 4)
      mixlib-shellout
    mixlib-cli (2.1.8)
    mixlib-config (3.0.27)
      tomlrb
    mixlib-shellout (3.3.9)
      chef-utils
    mixlib-shellout (3.3.9-x64-mingw-ucrt)
      chef-utils
      ffi-win32-extensions (~> 1.0.3)
      win32-process (~> 0.9)
      wmi-lite (~> 1.0)
    parallel (1.27.0)
    parser (3.3.10.0)
      ast (~> 2.4.1)
      racc
    prism (1.6.0)
    racc (1.8.1)
    racc (1.8.1-java)
    rainbow (3.1.1)
    regexp_parser (2.11.3)
    rexml (3.4.4)
    rubocop (1.81.7)
      json (~> 2.3)
      language_server-protocol (~> 3.17.0.2)
      lint_roller (~> 1.1.0)
      parallel (~> 1.10)
      parser (>= 3.3.0.2)
      rainbow (>= 2.2.2, < 4.0)
      regexp_parser (>= 2.9.3, < 3.0)
      rubocop-ast (>= 1.47.1, < 2.0)
      ruby-progressbar (~> 1.7)
      unicode-display_width (>= 2.4.0, < 4.0)
    rubocop-ast (1.48.0)
      parser (>= 3.3.7.2)
      prism (~> 1.4)
    rubocop-performance (1.26.1)
      lint_roller (~> 1.1)
      rubocop (>= 1.75.0, < 2.0)
      rubocop-ast (>= 1.47.1, < 2.0)
    ruby-progressbar (1.13.0)
    tomlrb (2.0.3)
    unicode-display_width (3.2.0)
      unicode-emoji (~> 4.1)
    unicode-emoji (4.1.0)
    win32-process (0.10.0)
      ffi (>= 1.0.0)
    wmi-lite (1.0.7)

PLATFORMS
  java
  ruby
  universal-java
  x64-mingw-ucrt
  x64-mswin64-140
  x86_64-darwin
  x86_64-linux

DEPENDENCIES
  mdl (~> 0.13)
  rubocop (>= 1.52.1, < 2)
  rubocop-performance (~> 1.23)

CHECKSUMS
  ast (2.4.3) sha256=954615157c1d6a382bc27d690d973195e79db7f55e9765ac7c481c60bdb4d383
  chef-utils (18.8.54) sha256=651c6c53291a520eddf636c7be598169fa52a07c41706b35e2e2a262c1eb0dc7
  concurrent-ruby (1.3.5) sha256=813b3e37aca6df2a21a3b9f1d497f8cbab24a2b94cab325bffe65ee0f6cbebc6
  ffi (1.17.2-x64-mingw-ucrt) sha256=15d2da54ee578657a333a6059ed16eaba1cbd794ceecd15944825b65c8381ac0
  ffi-win32-extensions (1.0.4) sha256=9d01a511a7ea957d8f73a06892f3ccfa49dcb32be95c4edb86b5ba3103edea00
  json (2.16.0) sha256=ca5630320bb5ca23ebfd0bac84532fab56eb357575653b815b9df42c051e1525
  json (2.16.0-java) sha256=ee4c6fcc8f4efd156414b3e253e51675ec95bdfc79230b0bd5ec3a6139ed6d22
  kramdown (2.5.1) sha256=87bbb6abd9d3cebe4fc1f33e367c392b4500e6f8fa19dd61c0972cf4afe7368c
  kramdown-parser-gfm (1.1.0) sha256=fb39745516427d2988543bf01fc4cf0ab1149476382393e0e9c48592f6581729
  language_server-protocol (3.17.0.5) sha256=fd1e39a51a28bf3eec959379985a72e296e9f9acfce46f6a79d31ca8760803cc
  lint_roller (1.1.0) sha256=2c0c845b632a7d172cb849cc90c1bce937a28c5c8ccccb50dfd46a485003cc87
  mdl (0.13.0) sha256=207a5e26a4c4e19095b39be0201834a69d31d838982a57eba343918dba1c86a8
  mixlib-cli (2.1.8) sha256=e6f27be34d580f6ed71731ca46b967e57793a627131c1f6e1ed2dad39ea3bdf9
  mixlib-config (3.0.27) sha256=d7748b1898e4f16502afec1de00b5ad65c6de405114b1b0c65ec61b1a9100148
  mixlib-shellout (3.3.9) sha256=0edf5ee3b07526de8eb5219af051752fb8df2691dc030ce233e248dedf4fd388
  mixlib-shellout (3.3.9-x64-mingw-ucrt) sha256=0169db7b7dc6304903c7205588ca1194b3d3aab722c1f0090c2a8f42f67a6c57
  parallel (1.27.0) sha256=4ac151e1806b755fb4e2dc2332cbf0e54f2e24ba821ff2d3dcf86bf6dc4ae130
  parser (3.3.10.0) sha256=ce3587fa5cc55a88c4ba5b2b37621b3329aadf5728f9eafa36bbd121462aabd6
  prism (1.6.0) sha256=bfc0281a81718c4872346bc858dc84abd3a60cae78336c65ad35c8fbff641c6b
  racc (1.8.1) sha256=4a7f6929691dbec8b5209a0b373bc2614882b55fc5d2e447a21aaa691303d62f
  racc (1.8.1-java) sha256=54f2e6d1e1b91c154013277d986f52a90e5ececbe91465d29172e49342732b98
  rainbow (3.1.1) sha256=039491aa3a89f42efa1d6dec2fc4e62ede96eb6acd95e52f1ad581182b79bc6a
  regexp_parser (2.11.3) sha256=ca13f381a173b7a93450e53459075c9b76a10433caadcb2f1180f2c741fc55a4
  rexml (3.4.4) sha256=19e0a2c3425dfbf2d4fc1189747bdb2f849b6c5e74180401b15734bc97b5d142
  rubocop (1.81.7) sha256=6fb5cc298c731691e2a414fe0041a13eb1beed7bab23aec131da1bcc527af094
  rubocop-ast (1.48.0) sha256=22df9bbf3f7a6eccde0fad54e68547ae1e2a704bf8719e7c83813a99c05d2e76
  rubocop-performance (1.26.1) sha256=cd19b936ff196df85829d264b522fd4f98b6c89ad271fa52744a8c11b8f71834
  ruby-progressbar (1.13.0) sha256=80fc9c47a9b640d6834e0dc7b3c94c9df37f08cb072b7761e4a71e22cff29b33
  tomlrb (2.0.3) sha256=c2736acf24919f793334023a4ff396c0647d93fce702a73c9d348deaa815d4f7
  unicode-display_width (3.2.0) sha256=0cdd96b5681a5949cdbc2c55e7b420facae74c4aaf9a9815eee1087cb1853c42
  unicode-emoji (4.1.0) sha256=4997d2d5df1ed4252f4830a9b6e86f932e2013fbff2182a9ce9ccabda4f325a5
  win32-process (0.10.0) sha256=ad2d401c62f56f922f3fabb7a55fd2b65ea85becbad3b5d9093ffe59c386f542
  wmi-lite (1.0.7) sha256=116ef5bb470dbe60f58c2db9047af3064c16245d6562c646bc0d90877e27ddda

BUNDLED WITH
  4.0.0.beta1
