GEM
  remote: https://rubygems.org/
  specs:
    addressable (2.8.8)
      public_suffix (>= 2.0.2, < 8.0)
    aws-eventstream (1.4.0)
    aws-partitions (1.1200.0)
    aws-sdk-core (3.240.0)
      aws-eventstream (~> 1, >= 1.3.0)
      aws-partitions (~> 1, >= 1.992.0)
      aws-sigv4 (~> 1.9)
      base64
      bigdecimal
      jmespath (~> 1, >= 1.6.1)
      logger
    aws-sdk-kms (1.118.0)
      aws-sdk-core (~> 3, >= 3.239.1)
      aws-sigv4 (~> 1.5)
    aws-sdk-s3 (1.209.0)
      aws-sdk-core (~> 3, >= 3.234.0)
      aws-sdk-kms (~> 1)
      aws-sigv4 (~> 1.5)
    aws-sigv4 (1.12.1)
      aws-eventstream (~> 1, >= 1.0.2)
    base64 (0.3.0)
    bigdecimal (4.0.1)
    bigdecimal (4.0.1-java)
    faraday (2.14.0)
      faraday-net_http (>= 2.0, < 3.5)
      json
      logger
    faraday-net_http (3.4.2)
      net-http (~> 0.5)
    faraday-retry (2.4.0)
      faraday (~> 2.0)
    jmespath (1.6.2)
    json (2.18.0)
    json (2.18.0-java)
    logger (1.7.0)
    net-http (0.9.1)
      uri (>= 0.11.1)
    octokit (7.2.0)
      faraday (>= 1, < 3)
      sawyer (~> 0.9)
    public_suffix (7.0.2)
    sawyer (0.9.3)
      addressable (>= 2.3.5)
      faraday (>= 0.17.3, < 3)
    uri (1.1.1)

PLATFORMS
  aarch64-darwin
  aarch64-linux
  arm64-darwin
  ruby
  universal-java
  x86_64-darwin
  x86_64-linux

DEPENDENCIES
  aws-sdk-s3 (~> 1.87)
  faraday-retry (~> 2.2)
  octokit (~> 7.0)

CHECKSUMS
  addressable (2.8.8) sha256=7c13b8f9536cf6364c03b9d417c19986019e28f7c00ac8132da4eb0fe393b057
  aws-eventstream (1.4.0) sha256=116bf85c436200d1060811e6f5d2d40c88f65448f2125bc77ffce5121e6e183b
  aws-partitions (1.1200.0) sha256=8f356d9a4c05377b8ae5f6c8a7b0bd7b1b3562fd12f700eb9c4a0cb2115a049a
  aws-sdk-core (3.240.0) sha256=86b63890525caaf56702972e2669b30ec89230c2b45f12c88290ee678d8d189e
  aws-sdk-kms (1.118.0) sha256=c9c751596d4f1502adac857c90010f00a9a52370b78e170acb198af7fa716fbd
  aws-sdk-s3 (1.209.0) sha256=3a94259f2e319776fdeb7cacb3c995005f4960cdc113bd668eb0ab6deaa26a79
  aws-sigv4 (1.12.1) sha256=6973ff95cb0fd0dc58ba26e90e9510a2219525d07620c8babeb70ef831826c00
  base64 (0.3.0) sha256=27337aeabad6ffae05c265c450490628ef3ebd4b67be58257393227588f5a97b
  bigdecimal (4.0.1) sha256=8b07d3d065a9f921c80ceaea7c9d4ae596697295b584c296fe599dd0ad01c4a7
  bigdecimal (4.0.1-java) sha256=95c40a0a92dfb83b293f4b9865cd27caa7c045bedab86f3620e5dc27e6553083
  faraday (2.14.0) sha256=8699cfe5d97e55268f2596f9a9d5a43736808a943714e3d9a53e6110593941cd
  faraday-net_http (3.4.2) sha256=f147758260d3526939bf57ecf911682f94926a3666502e24c69992765875906c
  faraday-retry (2.4.0) sha256=7b79c48fb7e56526faf247b12d94a680071ff40c9fda7cf1ec1549439ad11ebe
  jmespath (1.6.2) sha256=238d774a58723d6c090494c8879b5e9918c19485f7e840f2c1c7532cf84ebcb1
  json (2.18.0) sha256=b10506aee4183f5cf49e0efc48073d7b75843ce3782c68dbeb763351c08fd505
  json (2.18.0-java) sha256=74706f684baeb1a40351ed26fc8fe6e958afa861320d1c28ff4eb7073b29c7aa
  logger (1.7.0) sha256=196edec7cc44b66cfb40f9755ce11b392f21f7967696af15d274dde7edff0203
  net-http (0.9.1) sha256=25ba0b67c63e89df626ed8fac771d0ad24ad151a858af2cc8e6a716ca4336996
  octokit (7.2.0) sha256=7032d968d03177ee7a29e3bd4782fc078215cca4743db0dfc66a49feb9411907
  public_suffix (7.0.2) sha256=9114090c8e4e7135c1fd0e7acfea33afaab38101884320c65aaa0ffb8e26a857
  sawyer (0.9.3) sha256=0d0f19298408047037638639fe62f4794483fb04320269169bd41af2bdcf5e41
  uri (1.1.1) sha256=379fa58d27ffb1387eaada68c749d1426738bd0f654d812fcc07e7568f5c57c6

BUNDLED WITH
  4.1.0.dev
