GEM
  remote: https://rubygems.org/
  specs:
    ast (2.4.2)
    diff-lcs (1.5.1)
    json (2.7.1)
    json (2.7.1-java)
    language_server-protocol (3.17.0.3)
    minitest (5.22.1)
    parallel (1.24.0)
    parser (3.3.0.5)
      ast (~> 2.4.1)
      racc
    power_assert (2.0.3)
    racc (1.7.3)
    racc (1.7.3-java)
    rainbow (3.1.1)
    rake (13.1.0)
    rake-compiler (1.2.7)
      rake
    rb_sys (0.9.87)
    regexp_parser (2.9.0)
    rexml (3.2.6)
    rspec (3.13.0)
      rspec-core (~> 3.13.0)
      rspec-expectations (~> 3.13.0)
      rspec-mocks (~> 3.13.0)
    rspec-core (3.13.0)
      rspec-support (~> 3.13.0)
    rspec-expectations (3.13.0)
      diff-lcs (>= 1.2.0, < 2.0)
      rspec-support (~> 3.13.0)
    rspec-mocks (3.13.0)
      diff-lcs (>= 1.2.0, < 2.0)
      rspec-support (~> 3.13.0)
    rspec-support (3.13.0)
    rubocop (1.60.2)
      json (~> 2.3)
      language_server-protocol (>= 3.17.0)
      parallel (~> 1.10)
      parser (>= 3.3.0.2)
      rainbow (>= 2.2.2, < 4.0)
      regexp_parser (>= 1.8, < 3.0)
      rexml (>= 3.2.5, < 4.0)
      rubocop-ast (>= 1.30.0, < 2.0)
      ruby-progressbar (~> 1.7)
      unicode-display_width (>= 2.4.0, < 3.0)
    rubocop-ast (1.30.0)
      parser (>= 3.2.1.0)
    ruby-progressbar (1.13.0)
    test-unit (3.6.1)
      power_assert
    unicode-display_width (2.5.0)

PLATFORMS
  aarch64-linux
  arm64-darwin-20
  arm64-darwin-21
  arm64-darwin-22
  arm64-darwin-23
  universal-java-11
  universal-java-18
  universal-java-19
  x64-mingw-ucrt
  x86_64-darwin-19
  x86_64-darwin-20
  x86_64-darwin-21
  x86_64-darwin-22
  x86_64-linux

DEPENDENCIES
  minitest
  rake
  rake-compiler
  rb_sys
  rspec
  rubocop (>= 1.52.1, < 2)
  test-unit

CHECKSUMS
  ast (2.4.2) sha256=1e280232e6a33754cde542bc5ef85520b74db2aac73ec14acef453784447cc12
  diff-lcs (1.5.1) sha256=273223dfb40685548436d32b4733aa67351769c7dea621da7d9dd4813e63ddfe
  json (2.7.1) sha256=187ea312fb58420ff0c40f40af1862651d4295c8675267c6a1c353f1a0ac3265
  json (2.7.1-java) sha256=bfd628c0f8357058c2cf848febfa6f140f70f94ec492693a31a0a1933038a61b
  language_server-protocol (3.17.0.3) sha256=3d5c58c02f44a20d972957a9febe386d7e7468ab3900ce6bd2b563dd910c6b3f
  minitest (5.22.1) sha256=c9d2efb76cfc1480eb4cbd5e3474a0e2a9e9f18039db7fc51cad2d1e5c60ec44
  parallel (1.24.0) sha256=5bf38efb9b37865f8e93d7a762727f8c5fc5deb19949f4040c76481d5eee9397
  parser (3.3.0.5) sha256=7748313e505ca87045dc0465c776c802043f777581796eb79b1654c5d19d2687
  power_assert (2.0.3) sha256=cd5e13c267370427c9804ce6a57925d6030613e341cb48e02eec1f3c772d4cf8
  racc (1.7.3) sha256=b785ab8a30ec43bce073c51dbbe791fd27000f68d1c996c95da98bf685316905
  racc (1.7.3-java) sha256=b2ad737e788cfa083263ce7c9290644bb0f2c691908249eb4f6eb48ed2815dbf
  rainbow (3.1.1) sha256=039491aa3a89f42efa1d6dec2fc4e62ede96eb6acd95e52f1ad581182b79bc6a
  rake (13.1.0) sha256=be6a3e1aa7f66e6c65fa57555234eb75ce4cf4ada077658449207205474199c6
  rake-compiler (1.2.7) sha256=5176f8527bbf86db4b333915335eb5fa0b4f578cb82428c3e5e47e48179f0dee
  rb_sys (0.9.87) sha256=240a63d2c9e8c822afd8acb28a6b5e7221a7744270c33e7e86ebdf76f42fccd7
  regexp_parser (2.9.0) sha256=81a00ba141cec0d4b4bf58cb80cd9193e5180836d3fa6ef623f7886d3ba8bdd9
  rexml (3.2.6) sha256=e0669a2d4e9f109951cb1fde723d8acd285425d81594a2ea929304af50282816
  rspec (3.13.0) sha256=d490914ac1d5a5a64a0e1400c1d54ddd2a501324d703b8cfe83f458337bab993
  rspec-core (3.13.0) sha256=557792b4e88da883d580342b263d9652b6a10a12d5bda9ef967b01a48f15454c
  rspec-expectations (3.13.0) sha256=621d48c62262f955421eaa418130744760802cad47e781df70dba4d9f897102e
  rspec-mocks (3.13.0) sha256=735a891215758d77cdb5f4721fffc21078793959d1f0ee4a961874311d9b7f66
  rspec-support (3.13.0) sha256=0e725f53b8c20ce75913a5da7bf06bf90698266951f3b1e3ae7bcd9612775257
  rubocop (1.60.2) sha256=000da0bffba2da48efdab233b13085afc3fabad2aa17ef0470cbaa0fd7cbc76c
  rubocop-ast (1.30.0) sha256=faad6452b1018fee0dd9e21a44445908e94ee2a4435932a9dae0e0740b6349b3
  ruby-progressbar (1.13.0) sha256=80fc9c47a9b640d6834e0dc7b3c94c9df37f08cb072b7761e4a71e22cff29b33
  test-unit (3.6.1) sha256=0aa5c45910725d44e38d0340b31fab3ea8bfac02b11f7201d0ca2a978d52600b
  unicode-display_width (2.5.0) sha256=7e7681dcade1add70cb9fda20dd77f300b8587c81ebbd165d14fd93144ff0ab4

BUNDLED WITH
   2.5.0.dev
