GEM
  remote: https://rubygems.org/
  specs:
    ast (2.4.2)
    diff-lcs (1.5.0)
    json (2.6.3)
    json (2.6.3-java)
    language_server-protocol (3.17.0.3)
    lint_roller (1.0.0)
    minitest (5.18.0)
    parallel (1.23.0)
    parser (3.2.2.3)
      ast (~> 2.4.1)
      racc
    power_assert (2.0.3)
    racc (1.7.1)
    racc (1.7.1-java)
    rainbow (3.1.1)
    rake (13.0.6)
    rake-compiler (1.2.3)
      rake
    rb_sys (0.9.79)
    regexp_parser (2.8.1)
    rexml (3.2.5)
    rspec (3.12.0)
      rspec-core (~> 3.12.0)
      rspec-expectations (~> 3.12.0)
      rspec-mocks (~> 3.12.0)
    rspec-core (3.12.2)
      rspec-support (~> 3.12.0)
    rspec-expectations (3.12.3)
      diff-lcs (>= 1.2.0, < 2.0)
      rspec-support (~> 3.12.0)
    rspec-mocks (3.12.5)
      diff-lcs (>= 1.2.0, < 2.0)
      rspec-support (~> 3.12.0)
    rspec-support (3.12.0)
    rubocop (1.52.1)
      json (~> 2.3)
      parallel (~> 1.10)
      parser (>= 3.2.2.3)
      rainbow (>= 2.2.2, < 4.0)
      regexp_parser (>= 1.8, < 3.0)
      rexml (>= 3.2.5, < 4.0)
      rubocop-ast (>= 1.28.0, < 2.0)
      ruby-progressbar (~> 1.7)
      unicode-display_width (>= 2.4.0, < 3.0)
    rubocop-ast (1.29.0)
      parser (>= 3.2.1.0)
    rubocop-performance (1.18.0)
      rubocop (>= 1.7.0, < 2.0)
      rubocop-ast (>= 0.4.0)
    ruby-progressbar (1.13.0)
    standard (1.29.0)
      language_server-protocol (~> 3.17.0.2)
      lint_roller (~> 1.0)
      rubocop (~> 1.52.0)
      standard-custom (~> 1.0.0)
      standard-performance (~> 1.1.0)
    standard-custom (1.0.1)
      lint_roller (~> 1.0)
    standard-performance (1.1.0)
      lint_roller (~> 1.0)
      rubocop-performance (~> 1.18.0)
    test-unit (3.6.0)
      power_assert
    unicode-display_width (2.4.2)

PLATFORMS
  aarch64-linux
  arm64-darwin-20
  arm64-darwin-21
  arm64-darwin-22
  arm64-darwin-23
  universal-java-11
  universal-java-18
  universal-java-19
  x64-mingw-ucrt
  x86_64-darwin-19
  x86_64-darwin-20
  x86_64-darwin-21
  x86_64-linux

DEPENDENCIES
  minitest
  rake
  rake-compiler
  rb_sys
  rspec
  standard (~> 1.0)
  test-unit

CHECKSUMS
  ast (2.4.2) sha256-1e280232e6a33754cde542bc5ef85520b74db2aac73ec14acef453784447cc12
  diff-lcs (1.5.0) sha256-49b934001c8c6aedb37ba19daec5c634da27b318a7a3c654ae979d6ba1929b67
  json (2.6.3) sha256-86aaea16adf346a2b22743d88f8dcceeb1038843989ab93cda44b5176c845459
  json (2.6.3-java) sha256-ea8c47427a2c876121b9a0ab53043ca390013a76374330eabd923bd81914e563
  language_server-protocol (3.17.0.3) sha256-3d5c58c02f44a20d972957a9febe386d7e7468ab3900ce6bd2b563dd910c6b3f
  lint_roller (1.0.0) sha256-ddd2e345ab83366c22212e2ef5a85d3136da4e19322ddd90a06059c76fbbfe14
  minitest (5.18.0) sha256-06f43aa0692ce3acf19cb5bc539ad2c6095ca3d2c7e5fbafc58a7d847e898745
  parallel (1.23.0) sha256-27154713ad6ef32fa3dcb7788a721d6c07bca77e72443b4c6080a14145288c49
  parser (3.2.2.3) sha256-10685f358ab36ffea2252dc4952e5b8fad3a297a8152a85f59adc982747b91eb
  power_assert (2.0.3) sha256-cd5e13c267370427c9804ce6a57925d6030613e341cb48e02eec1f3c772d4cf8
  racc (1.7.1) sha256-af64124836fdd3c00e830703d7f873ea5deabde923f37006a39f5a5e0da16387
  racc (1.7.1-java) sha256-eaa5cd10ace36a5c5a139e699875a45fa1dfd7d5df8432ffd6243962c6b24ef0
  rainbow (3.1.1) sha256-039491aa3a89f42efa1d6dec2fc4e62ede96eb6acd95e52f1ad581182b79bc6a
  rake (13.0.6) sha256-5ce4bf5037b4196c24ac62834d8db1ce175470391026bd9e557d669beeb19097
  rake-compiler (1.2.3) sha256-994a53efb3374b8960de536ea1cbdff9a0d36bfe4fd4f409d73a26e60993d085
  rb_sys (0.9.79) sha256-d5dcd6bbdcab27c3f1a7dfb44cbdc2d2941e2b7774cf0d860853382be52357e3
  regexp_parser (2.8.1) sha256-83f63e2bfae3db38f988c66f114485140ff1791321fd827480bc75aa42cacb8c
  rexml (3.2.5) sha256-a33c3bf95fda7983ec7f05054f3a985af41dbc25a0339843bd2479e93cabb123
  rspec (3.12.0) sha256-ccc41799a43509dc0be84070e3f0410ac95cbd480ae7b6c245543eb64162399c
  rspec-core (3.12.2) sha256-155b54480f28e2b2813185077fe435c2d663031616360ed3b179a9d6a55d2551
  rspec-expectations (3.12.3) sha256-093d18e2e7e0a2c619ef8f7343d442fc6c0793fb7897d56f16f26c8a9d244416
  rspec-mocks (3.12.5) sha256-82030d2bfa1e4eef0a2ee36af5d3d224672598912a3f3384f27cbba9fa09d5c1
  rspec-support (3.12.0) sha256-dd4d44b247ff679b95b5607ac5641d197a5f9b1d33f916123cb98fc5f917c58b
  rubocop (1.52.1) sha256-908718035c4771f414280412be0d9168a7abd310da1ab859a50d41bece0dac2f
  rubocop-ast (1.29.0) sha256-d1da2ab279a074baefc81758ac430c5768a8da8c7438dd4e5819ce5984d00ba1
  rubocop-performance (1.18.0) sha256-4c9d74f1b5bfaffb5b1cdb843279364198ac804e2644ae194615834dd011e02e
  ruby-progressbar (1.13.0) sha256-80fc9c47a9b640d6834e0dc7b3c94c9df37f08cb072b7761e4a71e22cff29b33
  standard (1.29.0) sha256-155b3629c9e8fb2c4b66a3fb49f0c80da25f8aef23e234cd41c8fefe6fe37ebc
  standard-custom (1.0.1) sha256-6fd8c16e6805dbe4710990ba6b0c8a54eea17b986e04bd2f9c973dc967d9dd08
  standard-performance (1.1.0) sha256-2c649ca69d3fae7f2c685ae187780d22760c9066041ad944e87f2ccb1db66b53
  test-unit (3.6.0) sha256-4517dc1657112a077d74be1aa23e96ad02443ca49d50cc4066b312ea7b474add
  unicode-display_width (2.4.2) sha256-6a10205d1a19ca790c4e53064ba93f09d9eb234bf6bd135d9deb6001c21428be

BUNDLED WITH
   2.5.0.dev
