GEM
  remote: https://rubygems.org/
  specs:
    builder (3.2.4)
    compact_index (0.15.0)
    mustermann (1.1.2)
      ruby2_keywords (~> 0.0.1)
    rack (2.0.8)
    rack-protection (2.0.8.1)
      rack
    rack-test (1.1.0)
      rack (>= 1.0, < 3)
    rake (13.1.0)
    rb_sys (0.9.83)
    ruby2_keywords (0.0.5)
    rubygems-generate_index (1.1.2)
      compact_index (~> 0.15.0)
    sinatra (2.0.8.1)
      mustermann (~> 1.0)
      rack (~> 2.0)
      rack-protection (= 2.0.8.1)
      tilt (~> 2.0)
    tilt (2.3.0)
    webrick (1.7.0)

PLATFORMS
  java
  ruby
  universal-java-11
  universal-java-18
  universal-java-19
  x64-mingw-ucrt
  x64-mingw32
  x86_64-darwin-20
  x86_64-linux

DEPENDENCIES
  builder (~> 3.2)
  compact_index (~> 0.15.0)
  rack (= 2.0.8)
  rack-test (~> 1.1)
  rake (~> 13.1)
  rb_sys
  rubygems-generate_index (~> 1.1)
  sinatra (~> 2.0)
  webrick (= 1.7.0)

CHECKSUMS
  builder (3.2.4) sha256=99caf08af60c8d7f3a6b004029c4c3c0bdaebced6c949165fe98f1db27fbbc10
  compact_index (0.15.0) sha256=5c6c404afca8928a7d9f4dde9524f6e1610db17e675330803055db282da84a8b
  mustermann (1.1.2) sha256=7b64de2f39ae6b623b6d4f7d2ced10d3442817ca9bb6200cf7bff3b9f6447b7e
  rack (2.0.8) sha256=f98171fb30e104950abe1e9fb97c177d8bb5643dd649bc2ed837864eb596a0c5
  rack-protection (2.0.8.1) sha256=d187dee7708ca93301854127e81b2675b60af86ab53532f9735087ecd649d2ff
  rack-test (1.1.0) sha256=154161f40f162b1c009a655b7b0c5de3a3102cc6d7d2e94b64e1f46ace800866
  rake (13.1.0) sha256=be6a3e1aa7f66e6c65fa57555234eb75ce4cf4ada077658449207205474199c6
  rb_sys (0.9.83) sha256=0ed80df79aa08b942af731d93a676f2d885428267f2fbf138f9b6b7809c6455e
  ruby2_keywords (0.0.5) sha256=ffd13740c573b7301cf7a2e61fc857b2a8e3d3aff32545d6f8300d8bae10e3ef
  rubygems-generate_index (1.1.2) sha256=b5cfafe811b18bc45780b4cccc92593cf3115d2c8ea2a9f93a253eb9b2a8b955
  sinatra (2.0.8.1) sha256=b8845f060fde0157940172a4d006b757f3ba6a5ea36326c7c9352c25391c3e66
  tilt (2.3.0) sha256=82dd903d61213c63679d28e404ee8e10d1b0fdf5270f1ad0898ec314cc3e745c
  webrick (1.7.0) sha256=87e9b8e39947b7925338a5eb55427b11ce1f2b25a3645770ec9f39d8ebdb8cb4

BUNDLED WITH
   2.6.0.dev
