# This file is automatically @generated by Cargo.
# It is not intended for manual editing.
version = 3

[[package]]
name = "lazy_static"
version = "1.4.0"
source = "registry+https://github.com/rust-lang/crates.io-index"
checksum = "e2abad23fbc42b3700f2f279844dc832adb2b2eb069b2df918f455c4e18cc646"

[[package]]
name = "libc"
version = "0.2.112"
source = "registry+https://github.com/rust-lang/crates.io-index"
checksum = "1b03d17f364a3a042d5e5d46b053bbbf82c92c9430c592dd4c064dc6ee997125"

[[package]]
name = "rutie"
version = "0.8.3"
source = "registry+https://github.com/rust-lang/crates.io-index"
checksum = "0d81d2a2dec78b6202e8058dea842a39a65135ce8915e66e40d3935f12e52346"
dependencies = [
 "lazy_static",
 "libc",
]

[[package]]
name = "rutie_ruby_example"
version = "0.1.0"
dependencies = [
 "rutie",
]
