GEM
  remote: https://rubygems.org/
  specs:
    ast (2.4.2)
    diff-lcs (1.5.0)
    jaro_winkler (1.5.4)
    jaro_winkler (1.5.4-java)
    minitest (5.15.0)
    parallel (1.19.2)
    parser (3.1.0.0)
      ast (~> 2.4.1)
    power_assert (2.0.1)
    rainbow (3.1.1)
    rake (13.0.6)
    rake-compiler (1.1.7)
      rake
    rexml (3.2.5)
    rspec (3.10.0)
      rspec-core (~> 3.10.0)
      rspec-expectations (~> 3.10.0)
      rspec-mocks (~> 3.10.0)
    rspec-core (3.10.1)
      rspec-support (~> 3.10.0)
    rspec-expectations (3.10.1)
      diff-lcs (>= 1.2.0, < 2.0)
      rspec-support (~> 3.10.0)
    rspec-mocks (3.10.2)
      diff-lcs (>= 1.2.0, < 2.0)
      rspec-support (~> 3.10.0)
    rspec-support (3.10.3)
    rubocop (0.80.1)
      jaro_winkler (~> 1.5.1)
      parallel (~> 1.10)
      parser (>= 2.7.0.1)
      rainbow (>= 2.2.2, < 4.0)
      rexml
      ruby-progressbar (~> 1.7)
      unicode-display_width (>= 1.4.0, < 1.7)
    rubocop-performance (1.5.2)
      rubocop (>= 0.71.0)
    ruby-progressbar (1.11.0)
    standard (0.2.5)
      rubocop (~> 0.80.1)
      rubocop-performance (~> 1.5.2)
    test-unit (3.5.3)
      power_assert
    unicode-display_width (1.6.1)

PLATFORMS
  arm64-darwin-20
  arm64-darwin-21
  universal-java-11
  x86_64-darwin-19
  x86_64-darwin-20
  x86_64-linux

DEPENDENCIES
  minitest
  parallel (= 1.19.2)
  rake
  rake-compiler
  rspec
  standard (= 0.2.5)
  test-unit

BUNDLED WITH
   2.3.13
